
Microsoft Visual Studio Solution File, Format Version 11.00
# Visual Studio 2010
Project("{FAE04EC0-301F-11D3-BF4B-00C04F79EFBC}") = "NumberOfInversions", "ProgrammingQuestion-1\NumberOfInversions\NumberOfInversions.csproj", "{251D9E0B-00A1-4F02-A436-AD886C67700D}"
EndProject
Global
	GlobalSection(SolutionConfigurationPlatforms) = preSolution
		Debug|x86 = Debug|x86
		Release|x86 = Release|x86
	EndGlobalSection
	GlobalSection(ProjectConfigurationPlatforms) = postSolution
		{251D9E0B-00A1-4F02-A436-AD886C67700D}.Debug|x86.ActiveCfg = Debug|x86
		{251D9E0B-00A1-4F02-A436-AD886C67700D}.Debug|x86.Build.0 = Debug|x86
		{251D9E0B-00A1-4F02-A436-AD886C67700D}.Release|x86.ActiveCfg = Release|x86
		{251D9E0B-00A1-4F02-A436-AD886C67700D}.Release|x86.Build.0 = Release|x86
	EndGlobalSection
	GlobalSection(SolutionProperties) = preSolution
		HideSolutionNode = FALSE
	EndGlobalSection
EndGlobal
